<?xml version="1.0" encoding="utf-8"?>
<Project ToolsVersion="4.0" xmlns="http://schemas.microsoft.com/developer/msbuild/2003">
  <ItemGroup>
    <Filter Include="Core">
      <UniqueIdentifier>{006ee965-f9f5-461d-a5b5-59cdf2ae7beb}</UniqueIdentifier>
    </Filter>
    <Filter Include="PreCompile">
      <UniqueIdentifier>{b8445b22-12ea-440d-9b09-ff99014ad417}</UniqueIdentifier>
    </Filter>
    <Filter Include="Level">
      <UniqueIdentifier>{a4a66703-cca3-4f17-b02c-b7a656e36f14}</UniqueIdentifier>
    </Filter>
    <Filter Include="Level\PlayGameMode">
      <UniqueIdentifier>{9a25a65e-91a1-4040-bfcd-30f9f5c2ecec}</UniqueIdentifier>
    </Filter>
    <Filter Include="Header">
      <UniqueIdentifier>{a20b5606-003b-4c08-80a6-41900863e87f}</UniqueIdentifier>
    </Filter>
    <Filter Include="Level\Map">
      <UniqueIdentifier>{58e863fe-4bee-48ed-b457-3ead07f4ed46}</UniqueIdentifier>
    </Filter>
    <Filter Include="Object">
      <UniqueIdentifier>{73508ecc-85f3-4a8e-88ee-093effc93ac8}</UniqueIdentifier>
    </Filter>
    <Filter Include="Object\Player">
      <UniqueIdentifier>{16a76579-ca3a-46f5-a7f2-aef10426d12f}</UniqueIdentifier>
    </Filter>
    <Filter Include="Object\Enemy">
      <UniqueIdentifier>{e0559366-b3a2-4b4c-9e69-548efd4ecda0}</UniqueIdentifier>
    </Filter>
    <Filter Include="Object\Spawner">
      <UniqueIdentifier>{ac46f377-136c-4ae2-a0e8-96a96f10e151}</UniqueIdentifier>
    </Filter>
  </ItemGroup>
  <ItemGroup>
    <ClInclude Include="VSCore.h">
      <Filter>Core</Filter>
    </ClInclude>
    <ClInclude Include="PreCompile.h">
      <Filter>PreCompile</Filter>
    </ClInclude>
    <ClInclude Include="PlayGameMode.h">
      <Filter>Level\PlayGameMode</Filter>
    </ClInclude>
    <ClInclude Include="ContentsEnum.h">
      <Filter>Header</Filter>
    </ClInclude>
    <ClInclude Include="ContentsValue.h">
      <Filter>Header</Filter>
    </ClInclude>
    <ClInclude Include="BackGroundMap.h">
      <Filter>Level\Map</Filter>
    </ClInclude>
    <ClInclude Include="Player.h">
      <Filter>Object\Player</Filter>
    </ClInclude>
    <ClInclude Include="VSObject.h">
      <Filter>Object</Filter>
    </ClInclude>
    <ClInclude Include="Enemy.h">
      <Filter>Object\Enemy</Filter>
    </ClInclude>
    <ClInclude Include="Spawner.h">
      <Filter>Object\Spawner</Filter>
    </ClInclude>
  </ItemGroup>
  <ItemGroup>
    <ClCompile Include="VSCore.cpp">
      <Filter>Core</Filter>
    </ClCompile>
    <ClCompile Include="PreCompile.cpp">
      <Filter>PreCompile</Filter>
    </ClCompile>
    <ClCompile Include="PlayGameMode.cpp">
      <Filter>Level\PlayGameMode</Filter>
    </ClCompile>
    <ClCompile Include="ContentsValue.cpp">
      <Filter>Header</Filter>
    </ClCompile>
    <ClCompile Include="BackGroundMap.cpp">
      <Filter>Level\Map</Filter>
    </ClCompile>
    <ClCompile Include="Player.cpp">
      <Filter>Object\Player</Filter>
    </ClCompile>
    <ClCompile Include="VSObject.cpp">
      <Filter>Object</Filter>
    </ClCompile>
    <ClCompile Include="Enemy.cpp">
      <Filter>Object\Enemy</Filter>
    </ClCompile>
    <ClCompile Include="Spawner.cpp">
      <Filter>Object\Spawner</Filter>
    </ClCompile>
  </ItemGroup>
</Project>