<?xml version="1.0" encoding="utf-8"?>
<Project ToolsVersion="4.0" xmlns="http://schemas.microsoft.com/developer/msbuild/2003">
  <ItemGroup>
    <Filter Include="Core">
      <UniqueIdentifier>{006ee965-f9f5-461d-a5b5-59cdf2ae7beb}</UniqueIdentifier>
    </Filter>
    <Filter Include="PreCompile">
      <UniqueIdentifier>{b8445b22-12ea-440d-9b09-ff99014ad417}</UniqueIdentifier>
    </Filter>
    <Filter Include="Level">
      <UniqueIdentifier>{a4a66703-cca3-4f17-b02c-b7a656e36f14}</UniqueIdentifier>
    </Filter>
    <Filter Include="Level\PlayGameMode">
      <UniqueIdentifier>{9a25a65e-91a1-4040-bfcd-30f9f5c2ecec}</UniqueIdentifier>
    </Filter>
    <Filter Include="Header">
      <UniqueIdentifier>{a20b5606-003b-4c08-80a6-41900863e87f}</UniqueIdentifier>
    </Filter>
    <Filter Include="Level\Map">
      <UniqueIdentifier>{58e863fe-4bee-48ed-b457-3ead07f4ed46}</UniqueIdentifier>
    </Filter>
    <Filter Include="Object">
      <UniqueIdentifier>{73508ecc-85f3-4a8e-88ee-093effc93ac8}</UniqueIdentifier>
    </Filter>
    <Filter Include="Object\Player">
      <UniqueIdentifier>{16a76579-ca3a-46f5-a7f2-aef10426d12f}</UniqueIdentifier>
    </Filter>
    <Filter Include="Object\Enemy">
      <UniqueIdentifier>{e0559366-b3a2-4b4c-9e69-548efd4ecda0}</UniqueIdentifier>
    </Filter>
    <Filter Include="Object\Spawner">
      <UniqueIdentifier>{ac46f377-136c-4ae2-a0e8-96a96f10e151}</UniqueIdentifier>
    </Filter>
    <Filter Include="Object\Polling">
      <UniqueIdentifier>{b356cfcb-fa2e-4def-b9b8-44e13322f85c}</UniqueIdentifier>
    </Filter>
    <Filter Include="Object\Weapon">
      <UniqueIdentifier>{e9e5b0d4-a20a-4f7e-94a4-86363e866e3c}</UniqueIdentifier>
    </Filter>
    <Filter Include="Object\Weapon\KingBible">
      <UniqueIdentifier>{c39c0e2c-9c99-4ffb-b508-5dd9309edd7a}</UniqueIdentifier>
    </Filter>
    <Filter Include="Object\Weapon\MagicWand">
      <UniqueIdentifier>{7783deb8-333c-422d-a624-f8ac1d84ff42}</UniqueIdentifier>
    </Filter>
    <Filter Include="Object\Manager">
      <UniqueIdentifier>{b59e79af-2fc8-4dcf-b4e2-59cf6727617b}</UniqueIdentifier>
    </Filter>
    <Filter Include="Object\Weapon\Whip">
      <UniqueIdentifier>{f870257c-4e68-4948-93a4-6f6b4667720f}</UniqueIdentifier>
    </Filter>
    <Filter Include="Object\Weapon\Knife">
      <UniqueIdentifier>{ee4e59e8-15b3-43f9-9ceb-10006522e4f1}</UniqueIdentifier>
    </Filter>
    <Filter Include="Object\Weapon\Axe">
      <UniqueIdentifier>{e1fde786-8472-4adc-b5d3-52e6a9e48fc5}</UniqueIdentifier>
    </Filter>
    <Filter Include="Object\Weapon\Cross">
      <UniqueIdentifier>{93b84004-e642-4172-9dde-90eb6013b9cc}</UniqueIdentifier>
    </Filter>
    <Filter Include="Object\Weapon\FireWand">
      <UniqueIdentifier>{0e1097a0-06d9-47c9-91d8-735240beef55}</UniqueIdentifier>
    </Filter>
    <Filter Include="Object\Weapon\Garlic">
      <UniqueIdentifier>{686f12b6-c0e9-4056-a729-8b38ccd05451}</UniqueIdentifier>
    </Filter>
    <Filter Include="Object\Weapon\SantaWater">
      <UniqueIdentifier>{99920457-943e-4f65-aae0-544ffa429bd5}</UniqueIdentifier>
    </Filter>
    <Filter Include="Object\Weapon\RuneTracer">
      <UniqueIdentifier>{da511a24-4459-4e01-8e47-21fcbc5337f1}</UniqueIdentifier>
    </Filter>
    <Filter Include="Object\Weapon\LightingRing">
      <UniqueIdentifier>{f2b1da35-99be-4628-9738-638f078840c5}</UniqueIdentifier>
    </Filter>
    <Filter Include="Object\EquipManager">
      <UniqueIdentifier>{632f5acc-4418-4f53-b257-eb97626738d4}</UniqueIdentifier>
    </Filter>
    <Filter Include="Object\Accessory">
      <UniqueIdentifier>{01be0f97-6030-4ef1-bc64-889a1c2a2095}</UniqueIdentifier>
    </Filter>
    <Filter Include="Object\Accessory\Spinach">
      <UniqueIdentifier>{c62a4f26-6529-4b6a-8e88-1f29c4f7307c}</UniqueIdentifier>
    </Filter>
    <Filter Include="Object\Accessory\Armor">
      <UniqueIdentifier>{49e25961-eda1-4d65-a458-d16a6ea7b1e0}</UniqueIdentifier>
    </Filter>
    <Filter Include="Object\Accessory\HollowHeart">
      <UniqueIdentifier>{adb5d0e7-1468-4f03-a499-82c5fe4556b0}</UniqueIdentifier>
    </Filter>
    <Filter Include="Object\Accessory\Pummarola">
      <UniqueIdentifier>{884fde33-4206-4dbe-a1fb-21543dc77cbe}</UniqueIdentifier>
    </Filter>
    <Filter Include="Object\Accessory\EmptyTome">
      <UniqueIdentifier>{5d77db94-ea50-4430-817d-d6c2e79e0cfd}</UniqueIdentifier>
    </Filter>
    <Filter Include="Object\Accessory\Candelabrador">
      <UniqueIdentifier>{541014e2-a531-43a5-93fb-2d803ce2a14d}</UniqueIdentifier>
    </Filter>
    <Filter Include="Object\Accessory\Bracer">
      <UniqueIdentifier>{566064d2-276c-47eb-b008-01e940b48c62}</UniqueIdentifier>
    </Filter>
    <Filter Include="Object\Accessory\Spellbinder">
      <UniqueIdentifier>{cf9567c0-a523-46f9-8bb5-1f16859ac1b1}</UniqueIdentifier>
    </Filter>
    <Filter Include="Object\Accessory\Duplicator">
      <UniqueIdentifier>{cd4fd1c0-3439-4a36-b7bc-6e065b123f96}</UniqueIdentifier>
    </Filter>
    <Filter Include="Object\Accessory\Wings">
      <UniqueIdentifier>{ca7023a8-7528-48ac-bfdf-e0fe5ec55edf}</UniqueIdentifier>
    </Filter>
    <Filter Include="Object\Accessory\Attractorb">
      <UniqueIdentifier>{8a11ffb6-41df-4310-a8ac-15a7fcb52a27}</UniqueIdentifier>
    </Filter>
    <Filter Include="Object\Accessory\Clover">
      <UniqueIdentifier>{86e42a50-69e0-48a2-b9e1-6df9a01fae0f}</UniqueIdentifier>
    </Filter>
    <Filter Include="ContentsEditor">
      <UniqueIdentifier>{f3cbf5ec-57ce-4f03-8f85-f47e74597434}</UniqueIdentifier>
    </Filter>
    <Filter Include="Object\Exp">
      <UniqueIdentifier>{2844fe27-ec9a-4663-bc58-890f3469ca86}</UniqueIdentifier>
    </Filter>
    <Filter Include="Object\UIManager">
      <UniqueIdentifier>{a3de9e2e-a147-4710-ae19-8f4e5ed9ad76}</UniqueIdentifier>
    </Filter>
    <Filter Include="Level\TitleGameMode">
      <UniqueIdentifier>{dc246673-c3f9-41da-b569-58080d9993ef}</UniqueIdentifier>
    </Filter>
    <Filter Include="Object\Enemy\Bat1">
      <UniqueIdentifier>{6b8f2208-82c2-4b1e-aaf4-fd76bcf23f32}</UniqueIdentifier>
    </Filter>
    <Filter Include="Object\Enemy\Bat2">
      <UniqueIdentifier>{32bd6da5-23ed-485f-9d5a-33611be59ec9}</UniqueIdentifier>
    </Filter>
    <Filter Include="Object\Enemy\Bat3">
      <UniqueIdentifier>{f82621c4-82da-4a20-afdc-b763c012e924}</UniqueIdentifier>
    </Filter>
    <Filter Include="Object\Enemy\BossBat1">
      <UniqueIdentifier>{f891e4c3-3254-46e4-a922-120977a5aebd}</UniqueIdentifier>
    </Filter>
    <Filter Include="Object\Enemy\BossBat2">
      <UniqueIdentifier>{78f5d71e-3db9-4eab-9d62-052227332b6a}</UniqueIdentifier>
    </Filter>
    <Filter Include="Object\Enemy\Ghoul1">
      <UniqueIdentifier>{bbba2187-7adb-473e-9c94-8508021282f4}</UniqueIdentifier>
    </Filter>
    <Filter Include="Object\Enemy\Ghoul2">
      <UniqueIdentifier>{78759fbd-adda-47b8-b8f0-4e10375f26a0}</UniqueIdentifier>
    </Filter>
    <Filter Include="Object\Enemy\Ghoul3">
      <UniqueIdentifier>{f8033190-c6a9-421f-84ba-a13c04be3c6b}</UniqueIdentifier>
    </Filter>
    <Filter Include="Object\Enemy\Skeleton">
      <UniqueIdentifier>{aaa9a62f-8eea-41dc-a38e-4a9054743bb7}</UniqueIdentifier>
    </Filter>
    <Filter Include="Object\Enemy\Ghost">
      <UniqueIdentifier>{3a90afca-c7ed-4b81-bdfe-44ea161ffa92}</UniqueIdentifier>
    </Filter>
    <Filter Include="Object\Enemy\Mudman1">
      <UniqueIdentifier>{40917365-4539-497e-943f-079fbec1bf4b}</UniqueIdentifier>
    </Filter>
    <Filter Include="Object\Enemy\Mudman2">
      <UniqueIdentifier>{37e1ed84-5891-4a42-a1b2-b616db292e91}</UniqueIdentifier>
    </Filter>
    <Filter Include="Object\Enemy\Mentis">
      <UniqueIdentifier>{2a7d3aed-c0a8-4bc6-9bae-da9a17f6f39f}</UniqueIdentifier>
    </Filter>
    <Filter Include="Object\Enemy\Mummy">
      <UniqueIdentifier>{0ed59a9e-ede0-4350-9048-d1ff15c75027}</UniqueIdentifier>
    </Filter>
    <Filter Include="Object\Enemy\XLBat">
      <UniqueIdentifier>{746927e3-7516-4b53-829f-f4c020f5d0b5}</UniqueIdentifier>
    </Filter>
    <Filter Include="Object\Enemy\XLFlower">
      <UniqueIdentifier>{ae64fda6-f465-488b-89e0-7262b5516139}</UniqueIdentifier>
    </Filter>
    <Filter Include="Object\Enemy\XLMummy">
      <UniqueIdentifier>{9ebea084-628d-42cd-88ed-0222eba81bde}</UniqueIdentifier>
    </Filter>
    <Filter Include="Object\Enemy\Werewolf">
      <UniqueIdentifier>{d4169d1e-d698-493e-8cf9-7c65661517b1}</UniqueIdentifier>
    </Filter>
    <Filter Include="Object\Enemy\Flower">
      <UniqueIdentifier>{5c3965fa-39e2-4243-9148-4adb969b66bf}</UniqueIdentifier>
    </Filter>
    <Filter Include="Object\Enemy\SmallMummy">
      <UniqueIdentifier>{9dac0bc2-d841-4703-8750-3dde8efb175d}</UniqueIdentifier>
    </Filter>
    <Filter Include="Object\Enemy\SmallFlower">
      <UniqueIdentifier>{129e8a5f-1e0d-4f43-a879-be8a50bcb194}</UniqueIdentifier>
    </Filter>
    <Filter Include="Object\DamageNumber">
      <UniqueIdentifier>{85eb1fdd-ca09-4b26-a6f5-7d1e0704b468}</UniqueIdentifier>
    </Filter>
    <Filter Include="Object\UIManager\ChestUI">
      <UniqueIdentifier>{f3102aaa-f3c2-464a-968f-2cd80b5cc2bc}</UniqueIdentifier>
    </Filter>
    <Filter Include="Shader">
      <UniqueIdentifier>{54e384ab-7386-4d91-b1d9-c4398e13e45f}</UniqueIdentifier>
    </Filter>
  </ItemGroup>
  <ItemGroup>
    <ClInclude Include="VSCore.h">
      <Filter>Core</Filter>
    </ClInclude>
    <ClInclude Include="PreCompile.h">
      <Filter>PreCompile</Filter>
    </ClInclude>
    <ClInclude Include="PlayGameMode.h">
      <Filter>Level\PlayGameMode</Filter>
    </ClInclude>
    <ClInclude Include="ContentsEnum.h">
      <Filter>Header</Filter>
    </ClInclude>
    <ClInclude Include="ContentsValue.h">
      <Filter>Header</Filter>
    </ClInclude>
    <ClInclude Include="BackGroundMap.h">
      <Filter>Level\Map</Filter>
    </ClInclude>
    <ClInclude Include="Player.h">
      <Filter>Object\Player</Filter>
    </ClInclude>
    <ClInclude Include="VSObject.h">
      <Filter>Object</Filter>
    </ClInclude>
    <ClInclude Include="Enemy.h">
      <Filter>Object\Enemy</Filter>
    </ClInclude>
    <ClInclude Include="Spawner.h">
      <Filter>Object\Spawner</Filter>
    </ClInclude>
    <ClInclude Include="SpawnerManager.h">
      <Filter>Object\Spawner</Filter>
    </ClInclude>
    <ClInclude Include="PollingObject.h">
      <Filter>Object\Polling</Filter>
    </ClInclude>
    <ClInclude Include="WeaponCenter.h">
      <Filter>Object\Weapon</Filter>
    </ClInclude>
    <ClInclude Include="KingBibleCenter.h">
      <Filter>Object\Weapon\KingBible</Filter>
    </ClInclude>
    <ClInclude Include="KingBibleUnit.h">
      <Filter>Object\Weapon\KingBible</Filter>
    </ClInclude>
    <ClInclude Include="Weapon.h">
      <Filter>Object\Weapon</Filter>
    </ClInclude>
    <ClInclude Include="KingBible.h">
      <Filter>Object\Weapon\KingBible</Filter>
    </ClInclude>
    <ClInclude Include="MagicWandCenter.h">
      <Filter>Object\Weapon\MagicWand</Filter>
    </ClInclude>
    <ClInclude Include="MagicWand.h">
      <Filter>Object\Weapon\MagicWand</Filter>
    </ClInclude>
    <ClInclude Include="MagicWandUnit.h">
      <Filter>Object\Weapon\MagicWand</Filter>
    </ClInclude>
    <ClInclude Include="PollingManager.h">
      <Filter>Object\Manager</Filter>
    </ClInclude>
    <ClInclude Include="Whip.h">
      <Filter>Object\Weapon\Whip</Filter>
    </ClInclude>
    <ClInclude Include="WhipCenter.h">
      <Filter>Object\Weapon\Whip</Filter>
    </ClInclude>
    <ClInclude Include="WhipUnit.h">
      <Filter>Object\Weapon\Whip</Filter>
    </ClInclude>
    <ClInclude Include="Knife.h">
      <Filter>Object\Weapon\Knife</Filter>
    </ClInclude>
    <ClInclude Include="KnifeCenter.h">
      <Filter>Object\Weapon\Knife</Filter>
    </ClInclude>
    <ClInclude Include="KnifeUnit.h">
      <Filter>Object\Weapon\Knife</Filter>
    </ClInclude>
    <ClInclude Include="Axe.h">
      <Filter>Object\Weapon\Axe</Filter>
    </ClInclude>
    <ClInclude Include="AxeCenter.h">
      <Filter>Object\Weapon\Axe</Filter>
    </ClInclude>
    <ClInclude Include="AxeUnit.h">
      <Filter>Object\Weapon\Axe</Filter>
    </ClInclude>
    <ClInclude Include="Cross.h">
      <Filter>Object\Weapon\Cross</Filter>
    </ClInclude>
    <ClInclude Include="CrossCenter.h">
      <Filter>Object\Weapon\Cross</Filter>
    </ClInclude>
    <ClInclude Include="CrossUnit.h">
      <Filter>Object\Weapon\Cross</Filter>
    </ClInclude>
    <ClInclude Include="FireWand.h">
      <Filter>Object\Weapon\FireWand</Filter>
    </ClInclude>
    <ClInclude Include="FireWandCenter.h">
      <Filter>Object\Weapon\FireWand</Filter>
    </ClInclude>
    <ClInclude Include="FireWandUnit.h">
      <Filter>Object\Weapon\FireWand</Filter>
    </ClInclude>
    <ClInclude Include="Garlic.h">
      <Filter>Object\Weapon\Garlic</Filter>
    </ClInclude>
    <ClInclude Include="GarlicCenter.h">
      <Filter>Object\Weapon\Garlic</Filter>
    </ClInclude>
    <ClInclude Include="GarlicUnit.h">
      <Filter>Object\Weapon\Garlic</Filter>
    </ClInclude>
    <ClInclude Include="SantaWater.h">
      <Filter>Object\Weapon\SantaWater</Filter>
    </ClInclude>
    <ClInclude Include="SantaWaterCenter.h">
      <Filter>Object\Weapon\SantaWater</Filter>
    </ClInclude>
    <ClInclude Include="SantaWaterUnit.h">
      <Filter>Object\Weapon\SantaWater</Filter>
    </ClInclude>
    <ClInclude Include="SantaWaterFlame.h">
      <Filter>Object\Weapon\SantaWater</Filter>
    </ClInclude>
    <ClInclude Include="ContentsEditerGUI.h">
      <Filter>ContentsEditor</Filter>
    </ClInclude>
    <ClInclude Include="RuneTracer.h">
      <Filter>Object\Weapon\RuneTracer</Filter>
    </ClInclude>
    <ClInclude Include="RuneTracerCenter.h">
      <Filter>Object\Weapon\RuneTracer</Filter>
    </ClInclude>
    <ClInclude Include="RuneTracerUnit.h">
      <Filter>Object\Weapon\RuneTracer</Filter>
    </ClInclude>
    <ClInclude Include="LightingRing.h">
      <Filter>Object\Weapon\LightingRing</Filter>
    </ClInclude>
    <ClInclude Include="LightingRingCenter.h">
      <Filter>Object\Weapon\LightingRing</Filter>
    </ClInclude>
    <ClInclude Include="LightingRingUnit.h">
      <Filter>Object\Weapon\LightingRing</Filter>
    </ClInclude>
    <ClInclude Include="ThunderShock.h">
      <Filter>Object\Weapon\LightingRing</Filter>
    </ClInclude>
    <ClInclude Include="Accessory.h">
      <Filter>Object\Accessory</Filter>
    </ClInclude>
    <ClInclude Include="Spinach.h">
      <Filter>Object\Accessory\Spinach</Filter>
    </ClInclude>
    <ClInclude Include="Armor.h">
      <Filter>Object\Accessory\Armor</Filter>
    </ClInclude>
    <ClInclude Include="HollowHeart.h">
      <Filter>Object\Accessory\HollowHeart</Filter>
    </ClInclude>
    <ClInclude Include="Pummarola.h">
      <Filter>Object\Accessory\Pummarola</Filter>
    </ClInclude>
    <ClInclude Include="EmptyTome.h">
      <Filter>Object\Accessory\EmptyTome</Filter>
    </ClInclude>
    <ClInclude Include="Candelabrador.h">
      <Filter>Object\Accessory\Candelabrador</Filter>
    </ClInclude>
    <ClInclude Include="Bracer.h">
      <Filter>Object\Accessory\Bracer</Filter>
    </ClInclude>
    <ClInclude Include="Spellbinder.h">
      <Filter>Object\Accessory\Spellbinder</Filter>
    </ClInclude>
    <ClInclude Include="Duplicator.h">
      <Filter>Object\Accessory\Duplicator</Filter>
    </ClInclude>
    <ClInclude Include="Wings.h">
      <Filter>Object\Accessory\Wings</Filter>
    </ClInclude>
    <ClInclude Include="Attractorb.h">
      <Filter>Object\Accessory\Attractorb</Filter>
    </ClInclude>
    <ClInclude Include="Clover.h">
      <Filter>Object\Accessory\Clover</Filter>
    </ClInclude>
    <ClInclude Include="EquipManager.h">
      <Filter>Object\EquipManager</Filter>
    </ClInclude>
    <ClInclude Include="Exp.h">
      <Filter>Object\Exp</Filter>
    </ClInclude>
    <ClInclude Include="UIManager.h">
      <Filter>Object\UIManager</Filter>
    </ClInclude>
    <ClInclude Include="TitleGameMode.h">
      <Filter>Level\TitleGameMode</Filter>
    </ClInclude>
    <ClInclude Include="Bat1.h">
      <Filter>Object\Enemy\Bat1</Filter>
    </ClInclude>
    <ClInclude Include="Bat2.h">
      <Filter>Object\Enemy\Bat2</Filter>
    </ClInclude>
    <ClInclude Include="Bat3.h">
      <Filter>Object\Enemy\Bat3</Filter>
    </ClInclude>
    <ClInclude Include="BossBat1.h">
      <Filter>Object\Enemy\BossBat1</Filter>
    </ClInclude>
    <ClInclude Include="BossBat2.h">
      <Filter>Object\Enemy\BossBat2</Filter>
    </ClInclude>
    <ClInclude Include="Ghoul1.h">
      <Filter>Object\Enemy\Ghoul1</Filter>
    </ClInclude>
    <ClInclude Include="Ghoul2.h">
      <Filter>Object\Enemy\Ghoul2</Filter>
    </ClInclude>
    <ClInclude Include="Ghoul3.h">
      <Filter>Object\Enemy\Ghoul3</Filter>
    </ClInclude>
    <ClInclude Include="Ghost.h">
      <Filter>Object\Enemy\Ghost</Filter>
    </ClInclude>
    <ClInclude Include="Skeleton.h">
      <Filter>Object\Enemy\Skeleton</Filter>
    </ClInclude>
    <ClInclude Include="Mudman1.h">
      <Filter>Object\Enemy\Mudman1</Filter>
    </ClInclude>
    <ClInclude Include="Mudman2.h">
      <Filter>Object\Enemy\Mudman2</Filter>
    </ClInclude>
    <ClInclude Include="Mentis.h">
      <Filter>Object\Enemy\Mentis</Filter>
    </ClInclude>
    <ClInclude Include="Mummy.h">
      <Filter>Object\Enemy\Mummy</Filter>
    </ClInclude>
    <ClInclude Include="XLBat.h">
      <Filter>Object\Enemy\XLBat</Filter>
    </ClInclude>
    <ClInclude Include="XLFlower.h">
      <Filter>Object\Enemy\XLFlower</Filter>
    </ClInclude>
    <ClInclude Include="XLMummy.h">
      <Filter>Object\Enemy\XLMummy</Filter>
    </ClInclude>
    <ClInclude Include="Werewolf.h">
      <Filter>Object\Enemy\Werewolf</Filter>
    </ClInclude>
    <ClInclude Include="Flower.h">
      <Filter>Object\Enemy\Flower</Filter>
    </ClInclude>
    <ClInclude Include="SmallMummy.h">
      <Filter>Object\Enemy\SmallMummy</Filter>
    </ClInclude>
    <ClInclude Include="SmallFlower.h">
      <Filter>Object\Enemy\SmallFlower</Filter>
    </ClInclude>
    <ClInclude Include="DamageNumber.h">
      <Filter>Object\DamageNumber</Filter>
    </ClInclude>
    <ClInclude Include="Number.h">
      <Filter>Object\DamageNumber</Filter>
    </ClInclude>
    <ClInclude Include="ChestUI.h">
      <Filter>Object\UIManager\ChestUI</Filter>
    </ClInclude>
    <ClInclude Include="CircuitWeapon.h">
      <Filter>Object\UIManager\ChestUI</Filter>
    </ClInclude>
    <ClInclude Include="UnboxingLight.h">
      <Filter>Object\UIManager\ChestUI</Filter>
    </ClInclude>
    <ClInclude Include="Coin.h">
      <Filter>Object\UIManager\ChestUI</Filter>
    </ClInclude>
    <ClInclude Include="GoldCoin.h">
      <Filter>Object\UIManager\ChestUI</Filter>
    </ClInclude>
    <ClInclude Include="SilverCoin.h">
      <Filter>Object\UIManager\ChestUI</Filter>
    </ClInclude>
  </ItemGroup>
  <ItemGroup>
    <ClCompile Include="VSCore.cpp">
      <Filter>Core</Filter>
    </ClCompile>
    <ClCompile Include="PreCompile.cpp">
      <Filter>PreCompile</Filter>
    </ClCompile>
    <ClCompile Include="PlayGameMode.cpp">
      <Filter>Level\PlayGameMode</Filter>
    </ClCompile>
    <ClCompile Include="ContentsValue.cpp">
      <Filter>Header</Filter>
    </ClCompile>
    <ClCompile Include="BackGroundMap.cpp">
      <Filter>Level\Map</Filter>
    </ClCompile>
    <ClCompile Include="Player.cpp">
      <Filter>Object\Player</Filter>
    </ClCompile>
    <ClCompile Include="VSObject.cpp">
      <Filter>Object</Filter>
    </ClCompile>
    <ClCompile Include="Enemy.cpp">
      <Filter>Object\Enemy</Filter>
    </ClCompile>
    <ClCompile Include="Spawner.cpp">
      <Filter>Object\Spawner</Filter>
    </ClCompile>
    <ClCompile Include="SpawnerManager.cpp">
      <Filter>Object\Spawner</Filter>
    </ClCompile>
    <ClCompile Include="PollingObject.cpp">
      <Filter>Object\Polling</Filter>
    </ClCompile>
    <ClCompile Include="WeaponCenter.cpp">
      <Filter>Object\Weapon</Filter>
    </ClCompile>
    <ClCompile Include="KingBibleCenter.cpp">
      <Filter>Object\Weapon\KingBible</Filter>
    </ClCompile>
    <ClCompile Include="KingBibleUnit.cpp">
      <Filter>Object\Weapon\KingBible</Filter>
    </ClCompile>
    <ClCompile Include="Weapon.cpp">
      <Filter>Object\Weapon</Filter>
    </ClCompile>
    <ClCompile Include="KingBible.cpp">
      <Filter>Object\Weapon\KingBible</Filter>
    </ClCompile>
    <ClCompile Include="MagicWandCenter.cpp">
      <Filter>Object\Weapon\MagicWand</Filter>
    </ClCompile>
    <ClCompile Include="MagicWand.cpp">
      <Filter>Object\Weapon\MagicWand</Filter>
    </ClCompile>
    <ClCompile Include="MagicWandUnit.cpp">
      <Filter>Object\Weapon\MagicWand</Filter>
    </ClCompile>
    <ClCompile Include="PollingManager.cpp">
      <Filter>Object\Manager</Filter>
    </ClCompile>
    <ClCompile Include="Whip.cpp">
      <Filter>Object\Weapon\Whip</Filter>
    </ClCompile>
    <ClCompile Include="WhipCenter.cpp">
      <Filter>Object\Weapon\Whip</Filter>
    </ClCompile>
    <ClCompile Include="WhipUnit.cpp">
      <Filter>Object\Weapon\Whip</Filter>
    </ClCompile>
    <ClCompile Include="Knife.cpp">
      <Filter>Object\Weapon\Knife</Filter>
    </ClCompile>
    <ClCompile Include="KnifeCenter.cpp">
      <Filter>Object\Weapon\Knife</Filter>
    </ClCompile>
    <ClCompile Include="KnifeUnit.cpp">
      <Filter>Object\Weapon\Knife</Filter>
    </ClCompile>
    <ClCompile Include="Axe.cpp">
      <Filter>Object\Weapon\Axe</Filter>
    </ClCompile>
    <ClCompile Include="AxeCenter.cpp">
      <Filter>Object\Weapon\Axe</Filter>
    </ClCompile>
    <ClCompile Include="AxeUnit.cpp">
      <Filter>Object\Weapon\Axe</Filter>
    </ClCompile>
    <ClCompile Include="Cross.cpp">
      <Filter>Object\Weapon\Cross</Filter>
    </ClCompile>
    <ClCompile Include="CrossCenter.cpp">
      <Filter>Object\Weapon\Cross</Filter>
    </ClCompile>
    <ClCompile Include="CrossUnit.cpp">
      <Filter>Object\Weapon\Cross</Filter>
    </ClCompile>
    <ClCompile Include="FireWand.cpp">
      <Filter>Object\Weapon\FireWand</Filter>
    </ClCompile>
    <ClCompile Include="FireWandCenter.cpp">
      <Filter>Object\Weapon\FireWand</Filter>
    </ClCompile>
    <ClCompile Include="FireWandUnit.cpp">
      <Filter>Object\Weapon\FireWand</Filter>
    </ClCompile>
    <ClCompile Include="Garlic.cpp">
      <Filter>Object\Weapon\Garlic</Filter>
    </ClCompile>
    <ClCompile Include="GarlicCenter.cpp">
      <Filter>Object\Weapon\Garlic</Filter>
    </ClCompile>
    <ClCompile Include="GarlicUnit.cpp">
      <Filter>Object\Weapon\Garlic</Filter>
    </ClCompile>
    <ClCompile Include="SantaWater.cpp">
      <Filter>Object\Weapon\SantaWater</Filter>
    </ClCompile>
    <ClCompile Include="SantaWaterCenter.cpp">
      <Filter>Object\Weapon\SantaWater</Filter>
    </ClCompile>
    <ClCompile Include="SantaWaterUnit.cpp">
      <Filter>Object\Weapon\SantaWater</Filter>
    </ClCompile>
    <ClCompile Include="SantaWaterFlame.cpp">
      <Filter>Object\Weapon\SantaWater</Filter>
    </ClCompile>
    <ClCompile Include="ContentsEditerGUI.cpp">
      <Filter>ContentsEditor</Filter>
    </ClCompile>
    <ClCompile Include="RuneTracer.cpp">
      <Filter>Object\Weapon\RuneTracer</Filter>
    </ClCompile>
    <ClCompile Include="RuneTracerCenter.cpp">
      <Filter>Object\Weapon\RuneTracer</Filter>
    </ClCompile>
    <ClCompile Include="RuneTracerUnit.cpp">
      <Filter>Object\Weapon\RuneTracer</Filter>
    </ClCompile>
    <ClCompile Include="LightingRing.cpp">
      <Filter>Object\Weapon\LightingRing</Filter>
    </ClCompile>
    <ClCompile Include="LightingRingCenter.cpp">
      <Filter>Object\Weapon\LightingRing</Filter>
    </ClCompile>
    <ClCompile Include="LightingRingUnit.cpp">
      <Filter>Object\Weapon\LightingRing</Filter>
    </ClCompile>
    <ClCompile Include="ThunderShock.cpp">
      <Filter>Object\Weapon\LightingRing</Filter>
    </ClCompile>
    <ClCompile Include="Accessory.cpp">
      <Filter>Object\Accessory</Filter>
    </ClCompile>
    <ClCompile Include="Spinach.cpp">
      <Filter>Object\Accessory\Spinach</Filter>
    </ClCompile>
    <ClCompile Include="Armor.cpp">
      <Filter>Object\Accessory\Armor</Filter>
    </ClCompile>
    <ClCompile Include="HollowHeart.cpp">
      <Filter>Object\Accessory\HollowHeart</Filter>
    </ClCompile>
    <ClCompile Include="Pummarola.cpp">
      <Filter>Object\Accessory\Pummarola</Filter>
    </ClCompile>
    <ClCompile Include="EmptyTome.cpp">
      <Filter>Object\Accessory\EmptyTome</Filter>
    </ClCompile>
    <ClCompile Include="Candelabrador.cpp">
      <Filter>Object\Accessory\Candelabrador</Filter>
    </ClCompile>
    <ClCompile Include="Bracer.cpp">
      <Filter>Object\Accessory\Bracer</Filter>
    </ClCompile>
    <ClCompile Include="Spellbinder.cpp">
      <Filter>Object\Accessory\Spellbinder</Filter>
    </ClCompile>
    <ClCompile Include="Duplicator.cpp">
      <Filter>Object\Accessory\Duplicator</Filter>
    </ClCompile>
    <ClCompile Include="Wings.cpp">
      <Filter>Object\Accessory\Wings</Filter>
    </ClCompile>
    <ClCompile Include="Attractorb.cpp">
      <Filter>Object\Accessory\Attractorb</Filter>
    </ClCompile>
    <ClCompile Include="Clover.cpp">
      <Filter>Object\Accessory\Clover</Filter>
    </ClCompile>
    <ClCompile Include="EquipManager.cpp">
      <Filter>Object\EquipManager</Filter>
    </ClCompile>
    <ClCompile Include="Exp.cpp">
      <Filter>Object\Exp</Filter>
    </ClCompile>
    <ClCompile Include="UIManager.cpp">
      <Filter>Object\UIManager</Filter>
    </ClCompile>
    <ClCompile Include="TitleGameMode.cpp">
      <Filter>Level\TitleGameMode</Filter>
    </ClCompile>
    <ClCompile Include="Bat1.cpp">
      <Filter>Object\Enemy\Bat1</Filter>
    </ClCompile>
    <ClCompile Include="Bat2.cpp">
      <Filter>Object\Enemy\Bat2</Filter>
    </ClCompile>
    <ClCompile Include="Bat3.cpp">
      <Filter>Object\Enemy\Bat3</Filter>
    </ClCompile>
    <ClCompile Include="BossBat1.cpp">
      <Filter>Object\Enemy\BossBat1</Filter>
    </ClCompile>
    <ClCompile Include="BossBat2.cpp">
      <Filter>Object\Enemy\BossBat2</Filter>
    </ClCompile>
    <ClCompile Include="Ghoul1.cpp">
      <Filter>Object\Enemy\Ghoul1</Filter>
    </ClCompile>
    <ClCompile Include="Ghoul2.cpp">
      <Filter>Object\Enemy\Ghoul2</Filter>
    </ClCompile>
    <ClCompile Include="Ghoul3.cpp">
      <Filter>Object\Enemy\Ghoul3</Filter>
    </ClCompile>
    <ClCompile Include="Ghost.cpp">
      <Filter>Object\Enemy\Ghost</Filter>
    </ClCompile>
    <ClCompile Include="Skeleton.cpp">
      <Filter>Object\Enemy\Skeleton</Filter>
    </ClCompile>
    <ClCompile Include="Mudman1.cpp">
      <Filter>Object\Enemy\Mudman1</Filter>
    </ClCompile>
    <ClCompile Include="Mudman2.cpp">
      <Filter>Object\Enemy\Mudman2</Filter>
    </ClCompile>
    <ClCompile Include="Mentis.cpp">
      <Filter>Object\Enemy\Mentis</Filter>
    </ClCompile>
    <ClCompile Include="Mummy.cpp">
      <Filter>Object\Enemy\Mummy</Filter>
    </ClCompile>
    <ClCompile Include="XLBat.cpp">
      <Filter>Object\Enemy\XLBat</Filter>
    </ClCompile>
    <ClCompile Include="XLFlower.cpp">
      <Filter>Object\Enemy\XLFlower</Filter>
    </ClCompile>
    <ClCompile Include="XLMummy.cpp">
      <Filter>Object\Enemy\XLMummy</Filter>
    </ClCompile>
    <ClCompile Include="Werewolf.cpp">
      <Filter>Object\Enemy\Werewolf</Filter>
    </ClCompile>
    <ClCompile Include="Flower.cpp">
      <Filter>Object\Enemy\Flower</Filter>
    </ClCompile>
    <ClCompile Include="SmallMummy.cpp">
      <Filter>Object\Enemy\SmallMummy</Filter>
    </ClCompile>
    <ClCompile Include="SmallFlower.cpp">
      <Filter>Object\Enemy\SmallFlower</Filter>
    </ClCompile>
    <ClCompile Include="DamageNumber.cpp">
      <Filter>Object\DamageNumber</Filter>
    </ClCompile>
    <ClCompile Include="Number.cpp">
      <Filter>Object\DamageNumber</Filter>
    </ClCompile>
    <ClCompile Include="ChestUI.cpp">
      <Filter>Object\UIManager\ChestUI</Filter>
    </ClCompile>
    <ClCompile Include="CircuitWeapon.cpp">
      <Filter>Object\UIManager\ChestUI</Filter>
    </ClCompile>
    <ClCompile Include="UnboxingLight.cpp">
      <Filter>Object\UIManager\ChestUI</Filter>
    </ClCompile>
    <ClCompile Include="Coin.cpp">
      <Filter>Object\UIManager\ChestUI</Filter>
    </ClCompile>
    <ClCompile Include="GoldCoin.cpp">
      <Filter>Object\UIManager\ChestUI</Filter>
    </ClCompile>
    <ClCompile Include="SilverCoin.cpp">
      <Filter>Object\UIManager\ChestUI</Filter>
    </ClCompile>
  </ItemGroup>
</Project>