<?xml version="1.0" encoding="utf-8"?>
<Project ToolsVersion="4.0" xmlns="http://schemas.microsoft.com/developer/msbuild/2003">
  <ItemGroup>
    <Filter Include="Core">
      <UniqueIdentifier>{006ee965-f9f5-461d-a5b5-59cdf2ae7beb}</UniqueIdentifier>
    </Filter>
    <Filter Include="PreCompile">
      <UniqueIdentifier>{b8445b22-12ea-440d-9b09-ff99014ad417}</UniqueIdentifier>
    </Filter>
    <Filter Include="Level">
      <UniqueIdentifier>{a4a66703-cca3-4f17-b02c-b7a656e36f14}</UniqueIdentifier>
    </Filter>
    <Filter Include="Level\PlayGameMode">
      <UniqueIdentifier>{9a25a65e-91a1-4040-bfcd-30f9f5c2ecec}</UniqueIdentifier>
    </Filter>
    <Filter Include="Header">
      <UniqueIdentifier>{a20b5606-003b-4c08-80a6-41900863e87f}</UniqueIdentifier>
    </Filter>
    <Filter Include="Level\Map">
      <UniqueIdentifier>{58e863fe-4bee-48ed-b457-3ead07f4ed46}</UniqueIdentifier>
    </Filter>
    <Filter Include="Object">
      <UniqueIdentifier>{73508ecc-85f3-4a8e-88ee-093effc93ac8}</UniqueIdentifier>
    </Filter>
    <Filter Include="Object\Player">
      <UniqueIdentifier>{16a76579-ca3a-46f5-a7f2-aef10426d12f}</UniqueIdentifier>
    </Filter>
    <Filter Include="Object\Enemy">
      <UniqueIdentifier>{e0559366-b3a2-4b4c-9e69-548efd4ecda0}</UniqueIdentifier>
    </Filter>
    <Filter Include="Object\Spawner">
      <UniqueIdentifier>{ac46f377-136c-4ae2-a0e8-96a96f10e151}</UniqueIdentifier>
    </Filter>
    <Filter Include="Object\Polling">
      <UniqueIdentifier>{b356cfcb-fa2e-4def-b9b8-44e13322f85c}</UniqueIdentifier>
    </Filter>
    <Filter Include="Object\Weapon">
      <UniqueIdentifier>{e9e5b0d4-a20a-4f7e-94a4-86363e866e3c}</UniqueIdentifier>
    </Filter>
    <Filter Include="Object\Weapon\KingBible">
      <UniqueIdentifier>{c39c0e2c-9c99-4ffb-b508-5dd9309edd7a}</UniqueIdentifier>
    </Filter>
    <Filter Include="Object\Weapon\MagicWand">
      <UniqueIdentifier>{7783deb8-333c-422d-a624-f8ac1d84ff42}</UniqueIdentifier>
    </Filter>
    <Filter Include="Object\Manager">
      <UniqueIdentifier>{b59e79af-2fc8-4dcf-b4e2-59cf6727617b}</UniqueIdentifier>
    </Filter>
    <Filter Include="Object\Weapon\Whip">
      <UniqueIdentifier>{f870257c-4e68-4948-93a4-6f6b4667720f}</UniqueIdentifier>
    </Filter>
    <Filter Include="Object\Weapon\Knife">
      <UniqueIdentifier>{ee4e59e8-15b3-43f9-9ceb-10006522e4f1}</UniqueIdentifier>
    </Filter>
    <Filter Include="Object\Weapon\Axe">
      <UniqueIdentifier>{e1fde786-8472-4adc-b5d3-52e6a9e48fc5}</UniqueIdentifier>
    </Filter>
    <Filter Include="Object\Weapon\Cross">
      <UniqueIdentifier>{93b84004-e642-4172-9dde-90eb6013b9cc}</UniqueIdentifier>
    </Filter>
    <Filter Include="Object\Weapon\FireWand">
      <UniqueIdentifier>{0e1097a0-06d9-47c9-91d8-735240beef55}</UniqueIdentifier>
    </Filter>
    <Filter Include="Object\Weapon\Garlic">
      <UniqueIdentifier>{686f12b6-c0e9-4056-a729-8b38ccd05451}</UniqueIdentifier>
    </Filter>
  </ItemGroup>
  <ItemGroup>
    <ClInclude Include="VSCore.h">
      <Filter>Core</Filter>
    </ClInclude>
    <ClInclude Include="PreCompile.h">
      <Filter>PreCompile</Filter>
    </ClInclude>
    <ClInclude Include="PlayGameMode.h">
      <Filter>Level\PlayGameMode</Filter>
    </ClInclude>
    <ClInclude Include="ContentsEnum.h">
      <Filter>Header</Filter>
    </ClInclude>
    <ClInclude Include="ContentsValue.h">
      <Filter>Header</Filter>
    </ClInclude>
    <ClInclude Include="BackGroundMap.h">
      <Filter>Level\Map</Filter>
    </ClInclude>
    <ClInclude Include="Player.h">
      <Filter>Object\Player</Filter>
    </ClInclude>
    <ClInclude Include="VSObject.h">
      <Filter>Object</Filter>
    </ClInclude>
    <ClInclude Include="Enemy.h">
      <Filter>Object\Enemy</Filter>
    </ClInclude>
    <ClInclude Include="Spawner.h">
      <Filter>Object\Spawner</Filter>
    </ClInclude>
    <ClInclude Include="SpawnerManager.h">
      <Filter>Object\Spawner</Filter>
    </ClInclude>
    <ClInclude Include="Bat1.h">
      <Filter>Object\Enemy</Filter>
    </ClInclude>
    <ClInclude Include="PollingObject.h">
      <Filter>Object\Polling</Filter>
    </ClInclude>
    <ClInclude Include="WeaponCenter.h">
      <Filter>Object\Weapon</Filter>
    </ClInclude>
    <ClInclude Include="KingBibleCenter.h">
      <Filter>Object\Weapon\KingBible</Filter>
    </ClInclude>
    <ClInclude Include="KingBibleUnit.h">
      <Filter>Object\Weapon\KingBible</Filter>
    </ClInclude>
    <ClInclude Include="Weapon.h">
      <Filter>Object\Weapon</Filter>
    </ClInclude>
    <ClInclude Include="KingBible.h">
      <Filter>Object\Weapon\KingBible</Filter>
    </ClInclude>
    <ClInclude Include="MagicWandCenter.h">
      <Filter>Object\Weapon\MagicWand</Filter>
    </ClInclude>
    <ClInclude Include="MagicWand.h">
      <Filter>Object\Weapon\MagicWand</Filter>
    </ClInclude>
    <ClInclude Include="MagicWandUnit.h">
      <Filter>Object\Weapon\MagicWand</Filter>
    </ClInclude>
    <ClInclude Include="PollingManager.h">
      <Filter>Object\Manager</Filter>
    </ClInclude>
    <ClInclude Include="Whip.h">
      <Filter>Object\Weapon\Whip</Filter>
    </ClInclude>
    <ClInclude Include="WhipCenter.h">
      <Filter>Object\Weapon\Whip</Filter>
    </ClInclude>
    <ClInclude Include="WhipUnit.h">
      <Filter>Object\Weapon\Whip</Filter>
    </ClInclude>
    <ClInclude Include="Knife.h">
      <Filter>Object\Weapon\Knife</Filter>
    </ClInclude>
    <ClInclude Include="KnifeCenter.h">
      <Filter>Object\Weapon\Knife</Filter>
    </ClInclude>
    <ClInclude Include="KnifeUnit.h">
      <Filter>Object\Weapon\Knife</Filter>
    </ClInclude>
    <ClInclude Include="Axe.h">
      <Filter>Object\Weapon\Axe</Filter>
    </ClInclude>
    <ClInclude Include="AxeCenter.h">
      <Filter>Object\Weapon\Axe</Filter>
    </ClInclude>
    <ClInclude Include="AxeUnit.h">
      <Filter>Object\Weapon\Axe</Filter>
    </ClInclude>
    <ClInclude Include="Cross.h">
      <Filter>Object\Weapon\Cross</Filter>
    </ClInclude>
    <ClInclude Include="CrossCenter.h">
      <Filter>Object\Weapon\Cross</Filter>
    </ClInclude>
    <ClInclude Include="CrossUnit.h">
      <Filter>Object\Weapon\Cross</Filter>
    </ClInclude>
    <ClInclude Include="FireWand.h">
      <Filter>Object\Weapon\FireWand</Filter>
    </ClInclude>
    <ClInclude Include="FireWandCenter.h">
      <Filter>Object\Weapon\FireWand</Filter>
    </ClInclude>
    <ClInclude Include="FireWandUnit.h">
      <Filter>Object\Weapon\FireWand</Filter>
    </ClInclude>
    <ClInclude Include="Garlic.h">
      <Filter>Object\Weapon\Garlic</Filter>
    </ClInclude>
    <ClInclude Include="GarlicCenter.h">
      <Filter>Object\Weapon\Garlic</Filter>
    </ClInclude>
    <ClInclude Include="GarlicUnit.h">
      <Filter>Object\Weapon\Garlic</Filter>
    </ClInclude>
  </ItemGroup>
  <ItemGroup>
    <ClCompile Include="VSCore.cpp">
      <Filter>Core</Filter>
    </ClCompile>
    <ClCompile Include="PreCompile.cpp">
      <Filter>PreCompile</Filter>
    </ClCompile>
    <ClCompile Include="PlayGameMode.cpp">
      <Filter>Level\PlayGameMode</Filter>
    </ClCompile>
    <ClCompile Include="ContentsValue.cpp">
      <Filter>Header</Filter>
    </ClCompile>
    <ClCompile Include="BackGroundMap.cpp">
      <Filter>Level\Map</Filter>
    </ClCompile>
    <ClCompile Include="Player.cpp">
      <Filter>Object\Player</Filter>
    </ClCompile>
    <ClCompile Include="VSObject.cpp">
      <Filter>Object</Filter>
    </ClCompile>
    <ClCompile Include="Enemy.cpp">
      <Filter>Object\Enemy</Filter>
    </ClCompile>
    <ClCompile Include="Spawner.cpp">
      <Filter>Object\Spawner</Filter>
    </ClCompile>
    <ClCompile Include="SpawnerManager.cpp">
      <Filter>Object\Spawner</Filter>
    </ClCompile>
    <ClCompile Include="Bat1.cpp">
      <Filter>Object\Enemy</Filter>
    </ClCompile>
    <ClCompile Include="PollingObject.cpp">
      <Filter>Object\Polling</Filter>
    </ClCompile>
    <ClCompile Include="WeaponCenter.cpp">
      <Filter>Object\Weapon</Filter>
    </ClCompile>
    <ClCompile Include="KingBibleCenter.cpp">
      <Filter>Object\Weapon\KingBible</Filter>
    </ClCompile>
    <ClCompile Include="KingBibleUnit.cpp">
      <Filter>Object\Weapon\KingBible</Filter>
    </ClCompile>
    <ClCompile Include="Weapon.cpp">
      <Filter>Object\Weapon</Filter>
    </ClCompile>
    <ClCompile Include="KingBible.cpp">
      <Filter>Object\Weapon\KingBible</Filter>
    </ClCompile>
    <ClCompile Include="MagicWandCenter.cpp">
      <Filter>Object\Weapon\MagicWand</Filter>
    </ClCompile>
    <ClCompile Include="MagicWand.cpp">
      <Filter>Object\Weapon\MagicWand</Filter>
    </ClCompile>
    <ClCompile Include="MagicWandUnit.cpp">
      <Filter>Object\Weapon\MagicWand</Filter>
    </ClCompile>
    <ClCompile Include="PollingManager.cpp">
      <Filter>Object\Manager</Filter>
    </ClCompile>
    <ClCompile Include="Whip.cpp">
      <Filter>Object\Weapon\Whip</Filter>
    </ClCompile>
    <ClCompile Include="WhipCenter.cpp">
      <Filter>Object\Weapon\Whip</Filter>
    </ClCompile>
    <ClCompile Include="WhipUnit.cpp">
      <Filter>Object\Weapon\Whip</Filter>
    </ClCompile>
    <ClCompile Include="Knife.cpp">
      <Filter>Object\Weapon\Knife</Filter>
    </ClCompile>
    <ClCompile Include="KnifeCenter.cpp">
      <Filter>Object\Weapon\Knife</Filter>
    </ClCompile>
    <ClCompile Include="KnifeUnit.cpp">
      <Filter>Object\Weapon\Knife</Filter>
    </ClCompile>
    <ClCompile Include="Axe.cpp">
      <Filter>Object\Weapon\Axe</Filter>
    </ClCompile>
    <ClCompile Include="AxeCenter.cpp">
      <Filter>Object\Weapon\Axe</Filter>
    </ClCompile>
    <ClCompile Include="AxeUnit.cpp">
      <Filter>Object\Weapon\Axe</Filter>
    </ClCompile>
    <ClCompile Include="Cross.cpp">
      <Filter>Object\Weapon\Cross</Filter>
    </ClCompile>
    <ClCompile Include="CrossCenter.cpp">
      <Filter>Object\Weapon\Cross</Filter>
    </ClCompile>
    <ClCompile Include="CrossUnit.cpp">
      <Filter>Object\Weapon\Cross</Filter>
    </ClCompile>
    <ClCompile Include="FireWand.cpp">
      <Filter>Object\Weapon\FireWand</Filter>
    </ClCompile>
    <ClCompile Include="FireWandCenter.cpp">
      <Filter>Object\Weapon\FireWand</Filter>
    </ClCompile>
    <ClCompile Include="FireWandUnit.cpp">
      <Filter>Object\Weapon\FireWand</Filter>
    </ClCompile>
    <ClCompile Include="Garlic.cpp">
      <Filter>Object\Weapon\Garlic</Filter>
    </ClCompile>
    <ClCompile Include="GarlicCenter.cpp">
      <Filter>Object\Weapon\Garlic</Filter>
    </ClCompile>
    <ClCompile Include="GarlicUnit.cpp">
      <Filter>Object\Weapon\Garlic</Filter>
    </ClCompile>
  </ItemGroup>
</Project>