
Microsoft Visual Studio Solution File, Format Version 12.00
# Visual Studio Version 17
VisualStudioVersion = 17.8.34511.84
MinimumVisualStudioVersion = 10.0.40219.1
Project("{8BC9CEB8-8B4A-11D0-8D11-00A0C91BC942}") = "EngineBase", "EngineBase\EngineBase.vcxproj", "{EA197215-13BB-4729-9573-DB483A0EE1A3}"
EndProject
Project("{8BC9CEB8-8B4A-11D0-8D11-00A0C91BC942}") = "EngineCore", "EngineCore\EngineCore.vcxproj", "{E900C797-09AD-46CE-9F93-4065214CF169}"
	ProjectSection(ProjectDependencies) = postProject
		{EA197215-13BB-4729-9573-DB483A0EE1A3} = {EA197215-13BB-4729-9573-DB483A0EE1A3}
		{F0716EC2-0BC5-43EA-9046-B203E0985A67} = {F0716EC2-0BC5-43EA-9046-B203E0985A67}
	EndProjectSection
EndProject
Project("{8BC9CEB8-8B4A-11D0-8D11-00A0C91BC942}") = "EnginePlatform", "EnginePlatform\EnginePlatform.vcxproj", "{F0716EC2-0BC5-43EA-9046-B203E0985A67}"
EndProject
Project("{8BC9CEB8-8B4A-11D0-8D11-00A0C91BC942}") = "EngineShader", "EngineShader\EngineShader.vcxproj", "{48EA064C-43D1-448E-A47D-9534DB00D4F7}"
EndProject
Project("{2150E333-8FDC-42A3-9474-1A3956D46DE8}") = "Level0", "Level0", "{DD2B3F4C-A474-4D75-A811-09AB3CB2BA30}"
EndProject
Project("{2150E333-8FDC-42A3-9474-1A3956D46DE8}") = "Level1", "Level1", "{16D128BE-BF4B-40AB-8264-269FD1DE9AE4}"
EndProject
Project("{2150E333-8FDC-42A3-9474-1A3956D46DE8}") = "Level2", "Level2", "{F9F1E892-3954-459B-9ABD-049986635639}"
EndProject
Project("{2150E333-8FDC-42A3-9474-1A3956D46DE8}") = "Level3", "Level3", "{57B9F049-4DA5-4527-87A2-00431ECE955A}"
EndProject
Project("{8BC9CEB8-8B4A-11D0-8D11-00A0C91BC942}") = "Contents", "Contents\Contents.vcxproj", "{9379CD66-829B-4F25-8D01-8C8218DF7880}"
	ProjectSection(ProjectDependencies) = postProject
		{E900C797-09AD-46CE-9F93-4065214CF169} = {E900C797-09AD-46CE-9F93-4065214CF169}
		{EA197215-13BB-4729-9573-DB483A0EE1A3} = {EA197215-13BB-4729-9573-DB483A0EE1A3}
		{F0716EC2-0BC5-43EA-9046-B203E0985A67} = {F0716EC2-0BC5-43EA-9046-B203E0985A67}
	EndProjectSection
EndProject
Project("{2150E333-8FDC-42A3-9474-1A3956D46DE8}") = "Level4", "Level4", "{461F32E4-68F8-4D03-AD60-4A45C032930A}"
EndProject
Project("{8BC9CEB8-8B4A-11D0-8D11-00A0C91BC942}") = "App", "App\App.vcxproj", "{8EA904B1-4775-416B-AD08-6D5FA4D64CDE}"
	ProjectSection(ProjectDependencies) = postProject
		{9379CD66-829B-4F25-8D01-8C8218DF7880} = {9379CD66-829B-4F25-8D01-8C8218DF7880}
		{E900C797-09AD-46CE-9F93-4065214CF169} = {E900C797-09AD-46CE-9F93-4065214CF169}
		{EA197215-13BB-4729-9573-DB483A0EE1A3} = {EA197215-13BB-4729-9573-DB483A0EE1A3}
		{F0716EC2-0BC5-43EA-9046-B203E0985A67} = {F0716EC2-0BC5-43EA-9046-B203E0985A67}
	EndProjectSection
EndProject
Project("{8BC9CEB8-8B4A-11D0-8D11-00A0C91BC942}") = "ContentsShader", "ContentsShader\ContentsShader.vcxproj", "{06AC8438-E7CC-43CF-8BDF-3222D8CA8BD2}"
EndProject
Global
	GlobalSection(SolutionConfigurationPlatforms) = preSolution
		Debug|x64 = Debug|x64
		Debug|x86 = Debug|x86
		Release|x64 = Release|x64
		Release|x86 = Release|x86
	EndGlobalSection
	GlobalSection(ProjectConfigurationPlatforms) = postSolution
		{EA197215-13BB-4729-9573-DB483A0EE1A3}.Debug|x64.ActiveCfg = Debug|x64
		{EA197215-13BB-4729-9573-DB483A0EE1A3}.Debug|x64.Build.0 = Debug|x64
		{EA197215-13BB-4729-9573-DB483A0EE1A3}.Debug|x86.ActiveCfg = Debug|Win32
		{EA197215-13BB-4729-9573-DB483A0EE1A3}.Debug|x86.Build.0 = Debug|Win32
		{EA197215-13BB-4729-9573-DB483A0EE1A3}.Release|x64.ActiveCfg = Release|x64
		{EA197215-13BB-4729-9573-DB483A0EE1A3}.Release|x64.Build.0 = Release|x64
		{EA197215-13BB-4729-9573-DB483A0EE1A3}.Release|x86.ActiveCfg = Release|Win32
		{EA197215-13BB-4729-9573-DB483A0EE1A3}.Release|x86.Build.0 = Release|Win32
		{E900C797-09AD-46CE-9F93-4065214CF169}.Debug|x64.ActiveCfg = Debug|x64
		{E900C797-09AD-46CE-9F93-4065214CF169}.Debug|x64.Build.0 = Debug|x64
		{E900C797-09AD-46CE-9F93-4065214CF169}.Debug|x86.ActiveCfg = Debug|Win32
		{E900C797-09AD-46CE-9F93-4065214CF169}.Debug|x86.Build.0 = Debug|Win32
		{E900C797-09AD-46CE-9F93-4065214CF169}.Release|x64.ActiveCfg = Release|x64
		{E900C797-09AD-46CE-9F93-4065214CF169}.Release|x64.Build.0 = Release|x64
		{E900C797-09AD-46CE-9F93-4065214CF169}.Release|x86.ActiveCfg = Release|Win32
		{E900C797-09AD-46CE-9F93-4065214CF169}.Release|x86.Build.0 = Release|Win32
		{F0716EC2-0BC5-43EA-9046-B203E0985A67}.Debug|x64.ActiveCfg = Debug|x64
		{F0716EC2-0BC5-43EA-9046-B203E0985A67}.Debug|x64.Build.0 = Debug|x64
		{F0716EC2-0BC5-43EA-9046-B203E0985A67}.Debug|x86.ActiveCfg = Debug|Win32
		{F0716EC2-0BC5-43EA-9046-B203E0985A67}.Debug|x86.Build.0 = Debug|Win32
		{F0716EC2-0BC5-43EA-9046-B203E0985A67}.Release|x64.ActiveCfg = Release|x64
		{F0716EC2-0BC5-43EA-9046-B203E0985A67}.Release|x64.Build.0 = Release|x64
		{F0716EC2-0BC5-43EA-9046-B203E0985A67}.Release|x86.ActiveCfg = Release|Win32
		{F0716EC2-0BC5-43EA-9046-B203E0985A67}.Release|x86.Build.0 = Release|Win32
		{48EA064C-43D1-448E-A47D-9534DB00D4F7}.Debug|x64.ActiveCfg = Debug|x64
		{48EA064C-43D1-448E-A47D-9534DB00D4F7}.Debug|x64.Build.0 = Debug|x64
		{48EA064C-43D1-448E-A47D-9534DB00D4F7}.Debug|x86.ActiveCfg = Debug|Win32
		{48EA064C-43D1-448E-A47D-9534DB00D4F7}.Debug|x86.Build.0 = Debug|Win32
		{48EA064C-43D1-448E-A47D-9534DB00D4F7}.Release|x64.ActiveCfg = Release|x64
		{48EA064C-43D1-448E-A47D-9534DB00D4F7}.Release|x64.Build.0 = Release|x64
		{48EA064C-43D1-448E-A47D-9534DB00D4F7}.Release|x86.ActiveCfg = Release|Win32
		{48EA064C-43D1-448E-A47D-9534DB00D4F7}.Release|x86.Build.0 = Release|Win32
		{9379CD66-829B-4F25-8D01-8C8218DF7880}.Debug|x64.ActiveCfg = Debug|x64
		{9379CD66-829B-4F25-8D01-8C8218DF7880}.Debug|x64.Build.0 = Debug|x64
		{9379CD66-829B-4F25-8D01-8C8218DF7880}.Debug|x86.ActiveCfg = Debug|Win32
		{9379CD66-829B-4F25-8D01-8C8218DF7880}.Debug|x86.Build.0 = Debug|Win32
		{9379CD66-829B-4F25-8D01-8C8218DF7880}.Release|x64.ActiveCfg = Release|x64
		{9379CD66-829B-4F25-8D01-8C8218DF7880}.Release|x64.Build.0 = Release|x64
		{9379CD66-829B-4F25-8D01-8C8218DF7880}.Release|x86.ActiveCfg = Release|Win32
		{9379CD66-829B-4F25-8D01-8C8218DF7880}.Release|x86.Build.0 = Release|Win32
		{8EA904B1-4775-416B-AD08-6D5FA4D64CDE}.Debug|x64.ActiveCfg = Debug|x64
		{8EA904B1-4775-416B-AD08-6D5FA4D64CDE}.Debug|x64.Build.0 = Debug|x64
		{8EA904B1-4775-416B-AD08-6D5FA4D64CDE}.Debug|x86.ActiveCfg = Debug|Win32
		{8EA904B1-4775-416B-AD08-6D5FA4D64CDE}.Debug|x86.Build.0 = Debug|Win32
		{8EA904B1-4775-416B-AD08-6D5FA4D64CDE}.Release|x64.ActiveCfg = Release|x64
		{8EA904B1-4775-416B-AD08-6D5FA4D64CDE}.Release|x64.Build.0 = Release|x64
		{8EA904B1-4775-416B-AD08-6D5FA4D64CDE}.Release|x86.ActiveCfg = Release|Win32
		{8EA904B1-4775-416B-AD08-6D5FA4D64CDE}.Release|x86.Build.0 = Release|Win32
		{06AC8438-E7CC-43CF-8BDF-3222D8CA8BD2}.Debug|x64.ActiveCfg = Debug|x64
		{06AC8438-E7CC-43CF-8BDF-3222D8CA8BD2}.Debug|x64.Build.0 = Debug|x64
		{06AC8438-E7CC-43CF-8BDF-3222D8CA8BD2}.Debug|x86.ActiveCfg = Debug|Win32
		{06AC8438-E7CC-43CF-8BDF-3222D8CA8BD2}.Debug|x86.Build.0 = Debug|Win32
		{06AC8438-E7CC-43CF-8BDF-3222D8CA8BD2}.Release|x64.ActiveCfg = Release|x64
		{06AC8438-E7CC-43CF-8BDF-3222D8CA8BD2}.Release|x64.Build.0 = Release|x64
		{06AC8438-E7CC-43CF-8BDF-3222D8CA8BD2}.Release|x86.ActiveCfg = Release|Win32
		{06AC8438-E7CC-43CF-8BDF-3222D8CA8BD2}.Release|x86.Build.0 = Release|Win32
	EndGlobalSection
	GlobalSection(SolutionProperties) = preSolution
		HideSolutionNode = FALSE
	EndGlobalSection
	GlobalSection(NestedProjects) = preSolution
		{EA197215-13BB-4729-9573-DB483A0EE1A3} = {DD2B3F4C-A474-4D75-A811-09AB3CB2BA30}
		{E900C797-09AD-46CE-9F93-4065214CF169} = {F9F1E892-3954-459B-9ABD-049986635639}
		{F0716EC2-0BC5-43EA-9046-B203E0985A67} = {16D128BE-BF4B-40AB-8264-269FD1DE9AE4}
		{48EA064C-43D1-448E-A47D-9534DB00D4F7} = {F9F1E892-3954-459B-9ABD-049986635639}
		{9379CD66-829B-4F25-8D01-8C8218DF7880} = {57B9F049-4DA5-4527-87A2-00431ECE955A}
		{8EA904B1-4775-416B-AD08-6D5FA4D64CDE} = {461F32E4-68F8-4D03-AD60-4A45C032930A}
		{06AC8438-E7CC-43CF-8BDF-3222D8CA8BD2} = {57B9F049-4DA5-4527-87A2-00431ECE955A}
	EndGlobalSection
	GlobalSection(ExtensibilityGlobals) = postSolution
		SolutionGuid = {445DD093-ECF3-40BA-854D-A039E9CC27A4}
	EndGlobalSection
EndGlobal
